
Microsoft Visual Studio Solution File, Format Version 12.00
# Visual Studio Version 16
VisualStudioVersion = 16.0.28803.352
MinimumVisualStudioVersion = 10.0.40219.1
Project("{9A19103F-16F7-4668-BE54-9A1E7A4F7556}") = "Master", "Master\Master.csproj", "{6C4F4449-3388-42F4-A7A4-0A20147696FD}"
EndProject
Project("{9A19103F-16F7-4668-BE54-9A1E7A4F7556}") = "Cache", "Cache\Cache.csproj", "{47DFE10D-1ED9-4D5F-B0DB-5B55A6C23907}"
EndProject
Project("{2150E333-8FDC-42A3-9474-1A3956D46DE8}") = "Api", "Api", "{421A9E52-8D48-47F1-A1DD-CD2F650A9161}"
EndProject
Project("{2150E333-8FDC-42A3-9474-1A3956D46DE8}") = "Docs", "Docs", "{2FC2848E-1E03-48FD-8AE4-F6D6FCB60381}"
	ProjectSection(SolutionItems) = preProject
		demo.txt = demo.txt
		endpoints.txt = endpoints.txt
		technologies.txt = technologies.txt
	EndProjectSection
EndProject
Project("{9A19103F-16F7-4668-BE54-9A1E7A4F7556}") = "Configuration", "Api.Configuration\Configuration.csproj", "{1345D2D9-BFA0-4BCB-A7FA-B97A99761B3A}"
EndProject
Project("{9A19103F-16F7-4668-BE54-9A1E7A4F7556}") = "Integration", "Integration\Integration.csproj", "{15D9B425-CDE2-431F-A7F1-A63AB58E0380}"
EndProject
Project("{2150E333-8FDC-42A3-9474-1A3956D46DE8}") = "Infra", "Infra", "{AEFB86CC-ED06-4C9A-BF93-C3DB0EFC955E}"
EndProject
Project("{2150E333-8FDC-42A3-9474-1A3956D46DE8}") = "QA", "QA", "{5128F532-DA1C-410C-AEDD-725CB9A62B47}"
EndProject
Project("{9A19103F-16F7-4668-BE54-9A1E7A4F7556}") = "Mass", "Mass\Mass.csproj", "{F26B752C-E2D9-42AD-8B06-D8DAFEE5E0EA}"
EndProject
Project("{9A19103F-16F7-4668-BE54-9A1E7A4F7556}") = "UnitTesting", "UnitTesting\UnitTesting.csproj", "{AEA89F59-8567-45B2-A0B9-23D20E67A5A3}"
EndProject
Project("{9A19103F-16F7-4668-BE54-9A1E7A4F7556}") = "Entities", "Entities\Entities.csproj", "{62F6DB6A-394F-4221-9CCA-F1D177F7FB47}"
EndProject
Global
	GlobalSection(SolutionConfigurationPlatforms) = preSolution
		Debug|Any CPU = Debug|Any CPU
		Release|Any CPU = Release|Any CPU
	EndGlobalSection
	GlobalSection(ProjectConfigurationPlatforms) = postSolution
		{6C4F4449-3388-42F4-A7A4-0A20147696FD}.Debug|Any CPU.ActiveCfg = Debug|Any CPU
		{6C4F4449-3388-42F4-A7A4-0A20147696FD}.Debug|Any CPU.Build.0 = Debug|Any CPU
		{6C4F4449-3388-42F4-A7A4-0A20147696FD}.Release|Any CPU.ActiveCfg = Release|Any CPU
		{6C4F4449-3388-42F4-A7A4-0A20147696FD}.Release|Any CPU.Build.0 = Release|Any CPU
		{47DFE10D-1ED9-4D5F-B0DB-5B55A6C23907}.Debug|Any CPU.ActiveCfg = Debug|Any CPU
		{47DFE10D-1ED9-4D5F-B0DB-5B55A6C23907}.Debug|Any CPU.Build.0 = Debug|Any CPU
		{47DFE10D-1ED9-4D5F-B0DB-5B55A6C23907}.Release|Any CPU.ActiveCfg = Release|Any CPU
		{47DFE10D-1ED9-4D5F-B0DB-5B55A6C23907}.Release|Any CPU.Build.0 = Release|Any CPU
		{1345D2D9-BFA0-4BCB-A7FA-B97A99761B3A}.Debug|Any CPU.ActiveCfg = Debug|Any CPU
		{1345D2D9-BFA0-4BCB-A7FA-B97A99761B3A}.Debug|Any CPU.Build.0 = Debug|Any CPU
		{1345D2D9-BFA0-4BCB-A7FA-B97A99761B3A}.Release|Any CPU.ActiveCfg = Release|Any CPU
		{1345D2D9-BFA0-4BCB-A7FA-B97A99761B3A}.Release|Any CPU.Build.0 = Release|Any CPU
		{15D9B425-CDE2-431F-A7F1-A63AB58E0380}.Debug|Any CPU.ActiveCfg = Debug|Any CPU
		{15D9B425-CDE2-431F-A7F1-A63AB58E0380}.Debug|Any CPU.Build.0 = Debug|Any CPU
		{15D9B425-CDE2-431F-A7F1-A63AB58E0380}.Release|Any CPU.ActiveCfg = Release|Any CPU
		{15D9B425-CDE2-431F-A7F1-A63AB58E0380}.Release|Any CPU.Build.0 = Release|Any CPU
		{F26B752C-E2D9-42AD-8B06-D8DAFEE5E0EA}.Debug|Any CPU.ActiveCfg = Debug|Any CPU
		{F26B752C-E2D9-42AD-8B06-D8DAFEE5E0EA}.Debug|Any CPU.Build.0 = Debug|Any CPU
		{F26B752C-E2D9-42AD-8B06-D8DAFEE5E0EA}.Release|Any CPU.ActiveCfg = Release|Any CPU
		{F26B752C-E2D9-42AD-8B06-D8DAFEE5E0EA}.Release|Any CPU.Build.0 = Release|Any CPU
		{AEA89F59-8567-45B2-A0B9-23D20E67A5A3}.Debug|Any CPU.ActiveCfg = Debug|Any CPU
		{AEA89F59-8567-45B2-A0B9-23D20E67A5A3}.Debug|Any CPU.Build.0 = Debug|Any CPU
		{AEA89F59-8567-45B2-A0B9-23D20E67A5A3}.Release|Any CPU.ActiveCfg = Release|Any CPU
		{AEA89F59-8567-45B2-A0B9-23D20E67A5A3}.Release|Any CPU.Build.0 = Release|Any CPU
		{62F6DB6A-394F-4221-9CCA-F1D177F7FB47}.Debug|Any CPU.ActiveCfg = Debug|Any CPU
		{62F6DB6A-394F-4221-9CCA-F1D177F7FB47}.Debug|Any CPU.Build.0 = Debug|Any CPU
		{62F6DB6A-394F-4221-9CCA-F1D177F7FB47}.Release|Any CPU.ActiveCfg = Release|Any CPU
		{62F6DB6A-394F-4221-9CCA-F1D177F7FB47}.Release|Any CPU.Build.0 = Release|Any CPU
	EndGlobalSection
	GlobalSection(SolutionProperties) = preSolution
		HideSolutionNode = FALSE
	EndGlobalSection
	GlobalSection(NestedProjects) = preSolution
		{6C4F4449-3388-42F4-A7A4-0A20147696FD} = {421A9E52-8D48-47F1-A1DD-CD2F650A9161}
		{47DFE10D-1ED9-4D5F-B0DB-5B55A6C23907} = {AEFB86CC-ED06-4C9A-BF93-C3DB0EFC955E}
		{1345D2D9-BFA0-4BCB-A7FA-B97A99761B3A} = {421A9E52-8D48-47F1-A1DD-CD2F650A9161}
		{15D9B425-CDE2-431F-A7F1-A63AB58E0380} = {5128F532-DA1C-410C-AEDD-725CB9A62B47}
		{F26B752C-E2D9-42AD-8B06-D8DAFEE5E0EA} = {AEFB86CC-ED06-4C9A-BF93-C3DB0EFC955E}
		{AEA89F59-8567-45B2-A0B9-23D20E67A5A3} = {5128F532-DA1C-410C-AEDD-725CB9A62B47}
		{62F6DB6A-394F-4221-9CCA-F1D177F7FB47} = {AEFB86CC-ED06-4C9A-BF93-C3DB0EFC955E}
	EndGlobalSection
	GlobalSection(ExtensibilityGlobals) = postSolution
		SolutionGuid = {C006485B-6F9C-4371-AA57-46D8DF5B22B4}
	EndGlobalSection
EndGlobal
